# This file is autogenerated, do not edit; changes may be undone by the next 'dep ensure'.


[[projects]]
  branch = "master"
  digest = "1:7e11c7634603d3df4ce7e5454a16697d4776efbd8991a852e9d4dd8b0fafd078"
  name = "github.com/KGXarwen/goseaweedfs"
  packages = ["."]
  pruneopts = "UT"
  revision = "b9663bd40e6f2927089e9478bbd329b4754a4735"

[[projects]]
  branch = "master"
  digest = "1:4cca6c1ac023958dba98dbce3e02bdbaba7ddc6b3ec39bb2cec47d6595fc1a1e"
  name = "github.com/linxGnu/goseaweedfs"
  packages = [
    "libs",
    "model",
  ]
  pruneopts = "UT"
  revision = "0ab6d6c3e99331ca576098a3bbc76bfe9207bb41"

[[projects]]
  digest = "1:928de5172dd3563964d1b88a4ee3775cf72e16f1efabb482ab6d0e0bab86ee69"
  name = "github.com/ncw/swift"
  packages = ["."]
  pruneopts = "UT"
  revision = "b2a7479cf26fa841ff90dd932d0221cb5c50782d"
  version = "v1.0.39"

[[projects]]
  digest = "1:808cdddf087fb64baeae67b8dfaee2069034d9704923a3cb8bd96a995421a625"
  name = "github.com/patrickmn/go-cache"
  packages = ["."]
  pruneopts = "UT"
  revision = "v2.0.0-11-ga3647f8"

[solve-meta]
  analyzer-name = "dep"
  analyzer-version = 1
  input-imports = [
    "github.com/KGXarwen/goseaweedfs",
    "github.com/ncw/swift",
  ]
  solver-name = "gps-cdcl"
  solver-version = 1
